// !$*UTF8*$!
{
	archiveVersion = 1;
	classes = {
	};
	objectVersion = 77;
	objects = {

/* Begin PBXBuildFile section */
		DAE402AE2ECBE5F500DD664D /* Color+Palette.swift in Sources */ = {isa = PBXBuildFile; fileRef = DAE402A42ECBE5F500DD664D /* Color+Palette.swift */; };
		DAE402AF2ECBE5F500DD664D /* BaybayinMapper.swift in Sources */ = {isa = PBXBuildFile; fileRef = DAE402A72ECBE5F500DD664D /* BaybayinMapper.swift */; };
		DAE402B02ECBE5F500DD664D /* VisionTextScanner.swift in Sources */ = {isa = PBXBuildFile; fileRef = DAE4029D2ECBE5F500DD664D /* VisionTextScanner.swift */; };
		DAE402B12ECBE5F500DD664D /* BaybayLensApp.swift in Sources */ = {isa = PBXBuildFile; fileRef = DAE402AA2ECBE5F500DD664D /* BaybayLensApp.swift */; };
		DAE402B22ECBE5F500DD664D /* ScanView.swift in Sources */ = {isa = PBXBuildFile; fileRef = DAE402AC2ECBE5F500DD664D /* ScanView.swift */; };
		DAE402B32ECBE5F500DD664D /* ContentView.swift in Sources */ = {isa = PBXBuildFile; fileRef = DAE402AB2ECBE5F500DD664D /* ContentView.swift */; };
		DAE402B42ECBE5F500DD664D /* Font+Styles.swift in Sources */ = {isa = PBXBuildFile; fileRef = DAE402A52ECBE5F500DD664D /* Font+Styles.swift */; };
		DAE402B52ECBE5F500DD664D /* RuleEngine.swift in Sources */ = {isa = PBXBuildFile; fileRef = DAE402A82ECBE5F500DD664D /* RuleEngine.swift */; };
		DAE402B62ECBE5F500DD664D /* Assets.xcassets in Resources */ = {isa = PBXBuildFile; fileRef = DAE402A12ECBE5F500DD664D /* Assets.xcassets */; };
		DAE402B72ECBE5F500DD664D /* Info.plist.snippet.xml in Resources */ = {isa = PBXBuildFile; fileRef = DAE402A22ECBE5F500DD664D /* Info.plist.snippet.xml */; };
		DAE402B82ECBE5F500DD664D /* NotoSansTagalog-Regular.ttf in Resources */ = {isa = PBXBuildFile; fileRef = DAE4029F2ECBE5F500DD664D /* NotoSansTagalog-Regular.ttf */; };
		DAE402B92ECBE68000DD664D /* NotoSansTagalog-Regular.ttf in Resources */ = {isa = PBXBuildFile; fileRef = DAE4029F2ECBE5F500DD664D /* NotoSansTagalog-Regular.ttf */; };
		DAE402BB2ECBE92F00DD664D /* BaybayLensApp.swift in Sources */ = {isa = PBXBuildFile; fileRef = DAE402AA2ECBE5F500DD664D /* BaybayLensApp.swift */; };
		DAE402BC2ECBE94200DD664D /* ContentView.swift in Sources */ = {isa = PBXBuildFile; fileRef = DAE402AB2ECBE5F500DD664D /* ContentView.swift */; };
		DAE402BD2ECBE94700DD664D /* ScanView.swift in Sources */ = {isa = PBXBuildFile; fileRef = DAE402AC2ECBE5F500DD664D /* ScanView.swift */; };
		DAE402BE2ECBE95A00DD664D /* Color+Palette.swift in Sources */ = {isa = PBXBuildFile; fileRef = DAE402A42ECBE5F500DD664D /* Color+Palette.swift */; };
		DAE402BF2ECBE95F00DD664D /* Font+Styles.swift in Sources */ = {isa = PBXBuildFile; fileRef = DAE402A52ECBE5F500DD664D /* Font+Styles.swift */; };
		DAE402C02ECBE96500DD664D /* VisionTextScanner.swift in Sources */ = {isa = PBXBuildFile; fileRef = DAE4029D2ECBE5F500DD664D /* VisionTextScanner.swift */; };
		DAE402C12ECBE96C00DD664D /* Info.plist.snippet.xml in Resources */ = {isa = PBXBuildFile; fileRef = DAE402A22ECBE5F500DD664D /* Info.plist.snippet.xml */; };
		DAE402C22ECBE97400DD664D /* BaybayinMapper.swift in Sources */ = {isa = PBXBuildFile; fileRef = DAE402A72ECBE5F500DD664D /* BaybayinMapper.swift */; };
		DAE402C32ECBE97800DD664D /* RuleEngine.swift in Sources */ = {isa = PBXBuildFile; fileRef = DAE402A82ECBE5F500DD664D /* RuleEngine.swift */; };
/* End PBXBuildFile section */

/* Begin PBXContainerItemProxy section */
		DAE4022E2ECBE55D00DD664D /* PBXContainerItemProxy */ = {
			isa = PBXContainerItemProxy;
			containerPortal = DAE402182ECBE55A00DD664D /* Project object */;
			proxyType = 1;
			remoteGlobalIDString = DAE4021F2ECBE55A00DD664D;
			remoteInfo = BaybayLens;
		};
		DAE402382ECBE55D00DD664D /* PBXContainerItemProxy */ = {
			isa = PBXContainerItemProxy;
			containerPortal = DAE402182ECBE55A00DD664D /* Project object */;
			proxyType = 1;
			remoteGlobalIDString = DAE4021F2ECBE55A00DD664D;
			remoteInfo = BaybayLens;
		};
/* End PBXContainerItemProxy section */

/* Begin PBXFileReference section */
		DAE4022D2ECBE55D00DD664D /* BaybayLensTests.xctest */ = {isa = PBXFileReference; explicitFileType = wrapper.cfbundle; includeInIndex = 0; name = BaybayLensTests.xctest; path = "/Users/paul/Documents/side-projects/BaybayLens/build/Debug-iphoneos/BaybayLens.app/PlugIns/BaybayLensTests.xctest"; sourceTree = "<absolute>"; };
		DAE402372ECBE55D00DD664D /* BaybayLensUITests.xctest */ = {isa = PBXFileReference; explicitFileType = wrapper.cfbundle; includeInIndex = 0; name = BaybayLensUITests.xctest; path = "/Users/paul/Documents/side-projects/BaybayLens/build/Debug-iphoneos/BaybayLensUITests-Runner.app/PlugIns/BaybayLensUITests.xctest"; sourceTree = "<absolute>"; };
		DAE4029D2ECBE5F500DD664D /* VisionTextScanner.swift */ = {isa = PBXFileReference; lastKnownFileType = sourcecode.swift; path = VisionTextScanner.swift; sourceTree = "<group>"; };
		DAE4029F2ECBE5F500DD664D /* NotoSansTagalog-Regular.ttf */ = {isa = PBXFileReference; lastKnownFileType = text; path = "NotoSansTagalog-Regular.ttf"; sourceTree = "<group>"; };
		DAE402A12ECBE5F500DD664D /* Assets.xcassets */ = {isa = PBXFileReference; lastKnownFileType = folder.assetcatalog; path = Assets.xcassets; sourceTree = "<group>"; };
		DAE402A22ECBE5F500DD664D /* Info.plist.snippet.xml */ = {isa = PBXFileReference; lastKnownFileType = text.xml; path = Info.plist.snippet.xml; sourceTree = "<group>"; };
		DAE402A42ECBE5F500DD664D /* Color+Palette.swift */ = {isa = PBXFileReference; lastKnownFileType = sourcecode.swift; path = "Color+Palette.swift"; sourceTree = "<group>"; };
		DAE402A52ECBE5F500DD664D /* Font+Styles.swift */ = {isa = PBXFileReference; lastKnownFileType = sourcecode.swift; path = "Font+Styles.swift"; sourceTree = "<group>"; };
		DAE402A72ECBE5F500DD664D /* BaybayinMapper.swift */ = {isa = PBXFileReference; lastKnownFileType = sourcecode.swift; path = BaybayinMapper.swift; sourceTree = "<group>"; };
		DAE402A82ECBE5F500DD664D /* RuleEngine.swift */ = {isa = PBXFileReference; lastKnownFileType = sourcecode.swift; path = RuleEngine.swift; sourceTree = "<group>"; };
		DAE402AA2ECBE5F500DD664D /* BaybayLensApp.swift */ = {isa = PBXFileReference; lastKnownFileType = sourcecode.swift; path = BaybayLensApp.swift; sourceTree = "<group>"; };
		DAE402AB2ECBE5F500DD664D /* ContentView.swift */ = {isa = PBXFileReference; lastKnownFileType = sourcecode.swift; path = ContentView.swift; sourceTree = "<group>"; };
		DAE402AC2ECBE5F500DD664D /* ScanView.swift */ = {isa = PBXFileReference; lastKnownFileType = sourcecode.swift; path = ScanView.swift; sourceTree = "<group>"; };
		DAE402BA2ECBE6DB00DD664D /* BaybayLens.app */ = {isa = PBXFileReference; explicitFileType = wrapper.application; includeInIndex = 0; path = BaybayLens.app; sourceTree = BUILT_PRODUCTS_DIR; };
/* End PBXFileReference section */

/* Begin PBXFileSystemSynchronizedRootGroup section */
		DAE402302ECBE55D00DD664D /* BaybayLensTests */ = {
			isa = PBXFileSystemSynchronizedRootGroup;
			path = BaybayLensTests;
			sourceTree = "<group>";
		};
		DAE4023A2ECBE55D00DD664D /* BaybayLensUITests */ = {
			isa = PBXFileSystemSynchronizedRootGroup;
			path = BaybayLensUITests;
			sourceTree = "<group>";
		};
/* End PBXFileSystemSynchronizedRootGroup section */

/* Begin PBXFrameworksBuildPhase section */
		DAE4021D2ECBE55A00DD664D /* Frameworks */ = {
			isa = PBXFrameworksBuildPhase;
			buildActionMask = 2147483647;
			files = (
			);
			runOnlyForDeploymentPostprocessing = 0;
		};
		DAE4022A2ECBE55D00DD664D /* Frameworks */ = {
			isa = PBXFrameworksBuildPhase;
			buildActionMask = 2147483647;
			files = (
			);
			runOnlyForDeploymentPostprocessing = 0;
		};
		DAE402342ECBE55D00DD664D /* Frameworks */ = {
			isa = PBXFrameworksBuildPhase;
			buildActionMask = 2147483647;
			files = (
			);
			runOnlyForDeploymentPostprocessing = 0;
		};
/* End PBXFrameworksBuildPhase section */

/* Begin PBXGroup section */
		DAE402172ECBE55A00DD664D = {
			isa = PBXGroup;
			children = (
				DAE402302ECBE55D00DD664D /* BaybayLensTests */,
				DAE4023A2ECBE55D00DD664D /* BaybayLensUITests */,
				DAE402AD2ECBE5F500DD664D /* BaybayLens */,
				DAE402BA2ECBE6DB00DD664D /* BaybayLens.app */,
			);
			sourceTree = "<group>";
		};
		DAE4029E2ECBE5F500DD664D /* OCR */ = {
			isa = PBXGroup;
			children = (
				DAE4029D2ECBE5F500DD664D /* VisionTextScanner.swift */,
			);
			path = OCR;
			sourceTree = "<group>";
		};
		DAE402A02ECBE5F500DD664D /* Fonts */ = {
			isa = PBXGroup;
			children = (
				DAE4029F2ECBE5F500DD664D /* NotoSansTagalog-Regular.ttf */,
			);
			path = Fonts;
			sourceTree = "<group>";
		};
		DAE402A32ECBE5F500DD664D /* Resources */ = {
			isa = PBXGroup;
			children = (
				DAE402A02ECBE5F500DD664D /* Fonts */,
				DAE402A12ECBE5F500DD664D /* Assets.xcassets */,
				DAE402A22ECBE5F500DD664D /* Info.plist.snippet.xml */,
			);
			path = Resources;
			sourceTree = "<group>";
		};
		DAE402A62ECBE5F500DD664D /* Theme */ = {
			isa = PBXGroup;
			children = (
				DAE402A42ECBE5F500DD664D /* Color+Palette.swift */,
				DAE402A52ECBE5F500DD664D /* Font+Styles.swift */,
			);
			path = Theme;
			sourceTree = "<group>";
		};
		DAE402A92ECBE5F500DD664D /* Transliteration */ = {
			isa = PBXGroup;
			children = (
				DAE402A72ECBE5F500DD664D /* BaybayinMapper.swift */,
				DAE402A82ECBE5F500DD664D /* RuleEngine.swift */,
			);
			path = Transliteration;
			sourceTree = "<group>";
		};
		DAE402AD2ECBE5F500DD664D /* BaybayLens */ = {
			isa = PBXGroup;
			children = (
				DAE4029E2ECBE5F500DD664D /* OCR */,
				DAE402A32ECBE5F500DD664D /* Resources */,
				DAE402A62ECBE5F500DD664D /* Theme */,
				DAE402A92ECBE5F500DD664D /* Transliteration */,
				DAE402AA2ECBE5F500DD664D /* BaybayLensApp.swift */,
				DAE402AB2ECBE5F500DD664D /* ContentView.swift */,
				DAE402AC2ECBE5F500DD664D /* ScanView.swift */,
			);
			path = BaybayLens;
			sourceTree = "<group>";
		};
/* End PBXGroup section */

/* Begin PBXNativeTarget section */
		DAE4021F2ECBE55A00DD664D /* BaybayLens */ = {
			isa = PBXNativeTarget;
			buildConfigurationList = DAE402412ECBE55D00DD664D /* Build configuration list for PBXNativeTarget "BaybayLens" */;
			buildPhases = (
				DAE4021C2ECBE55A00DD664D /* Sources */,
				DAE4021D2ECBE55A00DD664D /* Frameworks */,
				DAE4021E2ECBE55A00DD664D /* Resources */,
			);
			buildRules = (
			);
			dependencies = (
			);
			name = BaybayLens;
			packageProductDependencies = (
			);
			productName = BaybayLens;
			productReference = DAE402BA2ECBE6DB00DD664D /* BaybayLens.app */;
			productType = "com.apple.product-type.application";
		};
		DAE4022C2ECBE55D00DD664D /* BaybayLensTests */ = {
			isa = PBXNativeTarget;
			buildConfigurationList = DAE402442ECBE55D00DD664D /* Build configuration list for PBXNativeTarget "BaybayLensTests" */;
			buildPhases = (
				DAE402292ECBE55D00DD664D /* Sources */,
				DAE4022A2ECBE55D00DD664D /* Frameworks */,
				DAE4022B2ECBE55D00DD664D /* Resources */,
			);
			buildRules = (
			);
			dependencies = (
				DAE4022F2ECBE55D00DD664D /* PBXTargetDependency */,
			);
			fileSystemSynchronizedGroups = (
				DAE402302ECBE55D00DD664D /* BaybayLensTests */,
			);
			name = BaybayLensTests;
			packageProductDependencies = (
			);
			productName = BaybayLensTests;
			productReference = DAE4022D2ECBE55D00DD664D /* BaybayLensTests.xctest */;
			productType = "com.apple.product-type.bundle.unit-test";
		};
		DAE402362ECBE55D00DD664D /* BaybayLensUITests */ = {
			isa = PBXNativeTarget;
			buildConfigurationList = DAE402472ECBE55D00DD664D /* Build configuration list for PBXNativeTarget "BaybayLensUITests" */;
			buildPhases = (
				DAE402332ECBE55D00DD664D /* Sources */,
				DAE402342ECBE55D00DD664D /* Frameworks */,
				DAE402352ECBE55D00DD664D /* Resources */,
			);
			buildRules = (
			);
			dependencies = (
				DAE402392ECBE55D00DD664D /* PBXTargetDependency */,
			);
			fileSystemSynchronizedGroups = (
				DAE4023A2ECBE55D00DD664D /* BaybayLensUITests */,
			);
			name = BaybayLensUITests;
			packageProductDependencies = (
			);
			productName = BaybayLensUITests;
			productReference = DAE402372ECBE55D00DD664D /* BaybayLensUITests.xctest */;
			productType = "com.apple.product-type.bundle.ui-testing";
		};
/* End PBXNativeTarget section */

/* Begin PBXProject section */
		DAE402182ECBE55A00DD664D /* Project object */ = {
			isa = PBXProject;
			attributes = {
				BuildIndependentTargetsInParallel = 1;
				LastSwiftUpdateCheck = 2610;
				LastUpgradeCheck = 2610;
				TargetAttributes = {
					DAE4021F2ECBE55A00DD664D = {
						CreatedOnToolsVersion = 26.1.1;
					};
					DAE4022C2ECBE55D00DD664D = {
						CreatedOnToolsVersion = 26.1.1;
						TestTargetID = DAE4021F2ECBE55A00DD664D;
					};
					DAE402362ECBE55D00DD664D = {
						CreatedOnToolsVersion = 26.1.1;
						TestTargetID = DAE4021F2ECBE55A00DD664D;
					};
				};
			};
			buildConfigurationList = DAE4021B2ECBE55A00DD664D /* Build configuration list for PBXProject "BaybayLens" */;
			developmentRegion = en;
			hasScannedForEncodings = 0;
			knownRegions = (
				en,
				Base,
			);
			mainGroup = DAE402172ECBE55A00DD664D;
			minimizedProjectReferenceProxies = 1;
			preferredProjectObjectVersion = 77;
			productRefGroup = DAE402172ECBE55A00DD664D;
			projectDirPath = "";
			projectRoot = "";
			targets = (
				DAE4021F2ECBE55A00DD664D /* BaybayLens */,
				DAE4022C2ECBE55D00DD664D /* BaybayLensTests */,
				DAE402362ECBE55D00DD664D /* BaybayLensUITests */,
			);
		};
/* End PBXProject section */

/* Begin PBXResourcesBuildPhase section */
		DAE4021E2ECBE55A00DD664D /* Resources */ = {
			isa = PBXResourcesBuildPhase;
			buildActionMask = 2147483647;
			files = (
				DAE402C12ECBE96C00DD664D /* Info.plist.snippet.xml in Resources */,
				DAE402B92ECBE68000DD664D /* NotoSansTagalog-Regular.ttf in Resources */,
			);
			runOnlyForDeploymentPostprocessing = 0;
		};
		DAE4022B2ECBE55D00DD664D /* Resources */ = {
			isa = PBXResourcesBuildPhase;
			buildActionMask = 2147483647;
			files = (
				DAE402B62ECBE5F500DD664D /* Assets.xcassets in Resources */,
				DAE402B72ECBE5F500DD664D /* Info.plist.snippet.xml in Resources */,
				DAE402B82ECBE5F500DD664D /* NotoSansTagalog-Regular.ttf in Resources */,
			);
			runOnlyForDeploymentPostprocessing = 0;
		};
		DAE402352ECBE55D00DD664D /* Resources */ = {
			isa = PBXResourcesBuildPhase;
			buildActionMask = 2147483647;
			files = (
			);
			runOnlyForDeploymentPostprocessing = 0;
		};
/* End PBXResourcesBuildPhase section */

/* Begin PBXSourcesBuildPhase section */
		DAE4021C2ECBE55A00DD664D /* Sources */ = {
			isa = PBXSourcesBuildPhase;
			buildActionMask = 2147483647;
			files = (
				DAE402BC2ECBE94200DD664D /* ContentView.swift in Sources */,
				DAE402C32ECBE97800DD664D /* RuleEngine.swift in Sources */,
				DAE402BF2ECBE95F00DD664D /* Font+Styles.swift in Sources */,
				DAE402C22ECBE97400DD664D /* BaybayinMapper.swift in Sources */,
				DAE402BB2ECBE92F00DD664D /* BaybayLensApp.swift in Sources */,
				DAE402C02ECBE96500DD664D /* VisionTextScanner.swift in Sources */,
				DAE402BD2ECBE94700DD664D /* ScanView.swift in Sources */,
				DAE402BE2ECBE95A00DD664D /* Color+Palette.swift in Sources */,
			);
			runOnlyForDeploymentPostprocessing = 0;
		};
		DAE402292ECBE55D00DD664D /* Sources */ = {
			isa = PBXSourcesBuildPhase;
			buildActionMask = 2147483647;
			files = (
				DAE402AE2ECBE5F500DD664D /* Color+Palette.swift in Sources */,
				DAE402AF2ECBE5F500DD664D /* BaybayinMapper.swift in Sources */,
				DAE402B02ECBE5F500DD664D /* VisionTextScanner.swift in Sources */,
				DAE402B12ECBE5F500DD664D /* BaybayLensApp.swift in Sources */,
				DAE402B22ECBE5F500DD664D /* ScanView.swift in Sources */,
				DAE402B32ECBE5F500DD664D /* ContentView.swift in Sources */,
				DAE402B42ECBE5F500DD664D /* Font+Styles.swift in Sources */,
				DAE402B52ECBE5F500DD664D /* RuleEngine.swift in Sources */,
			);
			runOnlyForDeploymentPostprocessing = 0;
		};
		DAE402332ECBE55D00DD664D /* Sources */ = {
			isa = PBXSourcesBuildPhase;
			buildActionMask = 2147483647;
			files = (
			);
			runOnlyForDeploymentPostprocessing = 0;
		};
/* End PBXSourcesBuildPhase section */

/* Begin PBXTargetDependency section */
		DAE4022F2ECBE55D00DD664D /* PBXTargetDependency */ = {
			isa = PBXTargetDependency;
			target = DAE4021F2ECBE55A00DD664D /* BaybayLens */;
			targetProxy = DAE4022E2ECBE55D00DD664D /* PBXContainerItemProxy */;
		};
		DAE402392ECBE55D00DD664D /* PBXTargetDependency */ = {
			isa = PBXTargetDependency;
			target = DAE4021F2ECBE55A00DD664D /* BaybayLens */;
			targetProxy = DAE402382ECBE55D00DD664D /* PBXContainerItemProxy */;
		};
/* End PBXTargetDependency section */

/* Begin XCBuildConfiguration section */
		DAE4023F2ECBE55D00DD664D /* Debug */ = {
			isa = XCBuildConfiguration;
			buildSettings = {
				ALWAYS_SEARCH_USER_PATHS = NO;
				ASSETCATALOG_COMPILER_GENERATE_SWIFT_ASSET_SYMBOL_EXTENSIONS = YES;
				CLANG_ANALYZER_NONNULL = YES;
				CLANG_ANALYZER_NUMBER_OBJECT_CONVERSION = YES_AGGRESSIVE;
				CLANG_CXX_LANGUAGE_STANDARD = "gnu++20";
				CLANG_ENABLE_MODULES = YES;
				CLANG_ENABLE_OBJC_ARC = YES;
				CLANG_ENABLE_OBJC_WEAK = YES;
				CLANG_WARN_BLOCK_CAPTURE_AUTORELEASING = YES;
				CLANG_WARN_BOOL_CONVERSION = YES;
				CLANG_WARN_COMMA = YES;
				CLANG_WARN_CONSTANT_CONVERSION = YES;
				CLANG_WARN_DEPRECATED_OBJC_IMPLEMENTATIONS = YES;
				CLANG_WARN_DIRECT_OBJC_ISA_USAGE = YES_ERROR;
				CLANG_WARN_DOCUMENTATION_COMMENTS = YES;
				CLANG_WARN_EMPTY_BODY = YES;
				CLANG_WARN_ENUM_CONVERSION = YES;
				CLANG_WARN_INFINITE_RECURSION = YES;
				CLANG_WARN_INT_CONVERSION = YES;
				CLANG_WARN_NON_LITERAL_NULL_CONVERSION = YES;
				CLANG_WARN_OBJC_IMPLICIT_RETAIN_SELF = YES;
				CLANG_WARN_OBJC_LITERAL_CONVERSION = YES;
				CLANG_WARN_OBJC_ROOT_CLASS = YES_ERROR;
				CLANG_WARN_QUOTED_INCLUDE_IN_FRAMEWORK_HEADER = YES;
				CLANG_WARN_RANGE_LOOP_ANALYSIS = YES;
				CLANG_WARN_STRICT_PROTOTYPES = YES;
				CLANG_WARN_SUSPICIOUS_MOVE = YES;
				CLANG_WARN_UNGUARDED_AVAILABILITY = YES_AGGRESSIVE;
				CLANG_WARN_UNREACHABLE_CODE = YES;
				CLANG_WARN__DUPLICATE_METHOD_MATCH = YES;
				COPY_PHASE_STRIP = NO;
				DEBUG_INFORMATION_FORMAT = dwarf;
				ENABLE_STRICT_OBJC_MSGSEND = YES;
				ENABLE_TESTABILITY = YES;
				ENABLE_USER_SCRIPT_SANDBOXING = YES;
				GCC_C_LANGUAGE_STANDARD = gnu17;
				GCC_DYNAMIC_NO_PIC = NO;
				GCC_NO_COMMON_BLOCKS = YES;
				GCC_OPTIMIZATION_LEVEL = 0;
				GCC_PREPROCESSOR_DEFINITIONS = (
					"DEBUG=1",
					"$(inherited)",
				);
				GCC_WARN_64_TO_32_BIT_CONVERSION = YES;
				GCC_WARN_ABOUT_RETURN_TYPE = YES_ERROR;
				GCC_WARN_UNDECLARED_SELECTOR = YES;
				GCC_WARN_UNINITIALIZED_AUTOS = YES_AGGRESSIVE;
				GCC_WARN_UNUSED_FUNCTION = YES;
				GCC_WARN_UNUSED_VARIABLE = YES;
				IPHONEOS_DEPLOYMENT_TARGET = 26.1;
				LOCALIZATION_PREFERS_STRING_CATALOGS = YES;
				MTL_ENABLE_DEBUG_INFO = INCLUDE_SOURCE;
				MTL_FAST_MATH = YES;
				ONLY_ACTIVE_ARCH = YES;
				SDKROOT = iphoneos;
				SWIFT_ACTIVE_COMPILATION_CONDITIONS = "DEBUG $(inherited)";
				SWIFT_OPTIMIZATION_LEVEL = "-Onone";
			};
			name = Debug;
		};
		DAE402402ECBE55D00DD664D /* Release */ = {
			isa = XCBuildConfiguration;
			buildSettings = {
				ALWAYS_SEARCH_USER_PATHS = NO;
				ASSETCATALOG_COMPILER_GENERATE_SWIFT_ASSET_SYMBOL_EXTENSIONS = YES;
				CLANG_ANALYZER_NONNULL = YES;
				CLANG_ANALYZER_NUMBER_OBJECT_CONVERSION = YES_AGGRESSIVE;
				CLANG_CXX_LANGUAGE_STANDARD = "gnu++20";
				CLANG_ENABLE_MODULES = YES;
				CLANG_ENABLE_OBJC_ARC = YES;
				CLANG_ENABLE_OBJC_WEAK = YES;
				CLANG_WARN_BLOCK_CAPTURE_AUTORELEASING = YES;
				CLANG_WARN_BOOL_CONVERSION = YES;
				CLANG_WARN_COMMA = YES;
				CLANG_WARN_CONSTANT_CONVERSION = YES;
				CLANG_WARN_DEPRECATED_OBJC_IMPLEMENTATIONS = YES;
				CLANG_WARN_DIRECT_OBJC_ISA_USAGE = YES_ERROR;
				CLANG_WARN_DOCUMENTATION_COMMENTS = YES;
				CLANG_WARN_EMPTY_BODY = YES;
				CLANG_WARN_ENUM_CONVERSION = YES;
				CLANG_WARN_INFINITE_RECURSION = YES;
				CLANG_WARN_INT_CONVERSION = YES;
				CLANG_WARN_NON_LITERAL_NULL_CONVERSION = YES;
				CLANG_WARN_OBJC_IMPLICIT_RETAIN_SELF = YES;
				CLANG_WARN_OBJC_LITERAL_CONVERSION = YES;
				CLANG_WARN_OBJC_ROOT_CLASS = YES_ERROR;
				CLANG_WARN_QUOTED_INCLUDE_IN_FRAMEWORK_HEADER = YES;
				CLANG_WARN_RANGE_LOOP_ANALYSIS = YES;
				CLANG_WARN_STRICT_PROTOTYPES = YES;
				CLANG_WARN_SUSPICIOUS_MOVE = YES;
				CLANG_WARN_UNGUARDED_AVAILABILITY = YES_AGGRESSIVE;
				CLANG_WARN_UNREACHABLE_CODE = YES;
				CLANG_WARN__DUPLICATE_METHOD_MATCH = YES;
				COPY_PHASE_STRIP = NO;
				DEBUG_INFORMATION_FORMAT = "dwarf-with-dsym";
				ENABLE_NS_ASSERTIONS = NO;
				ENABLE_STRICT_OBJC_MSGSEND = YES;
				ENABLE_USER_SCRIPT_SANDBOXING = YES;
				GCC_C_LANGUAGE_STANDARD = gnu17;
				GCC_NO_COMMON_BLOCKS = YES;
				GCC_WARN_64_TO_32_BIT_CONVERSION = YES;
				GCC_WARN_ABOUT_RETURN_TYPE = YES_ERROR;
				GCC_WARN_UNDECLARED_SELECTOR = YES;
				GCC_WARN_UNINITIALIZED_AUTOS = YES_AGGRESSIVE;
				GCC_WARN_UNUSED_FUNCTION = YES;
				GCC_WARN_UNUSED_VARIABLE = YES;
				IPHONEOS_DEPLOYMENT_TARGET = 26.1;
				LOCALIZATION_PREFERS_STRING_CATALOGS = YES;
				MTL_ENABLE_DEBUG_INFO = NO;
				MTL_FAST_MATH = YES;
				SDKROOT = iphoneos;
				SWIFT_COMPILATION_MODE = wholemodule;
				VALIDATE_PRODUCT = YES;
			};
			name = Release;
		};
		DAE402422ECBE55D00DD664D /* Debug */ = {
			isa = XCBuildConfiguration;
			buildSettings = {
				ASSETCATALOG_COMPILER_APPICON_NAME = AppIcon;
				ASSETCATALOG_COMPILER_GLOBAL_ACCENT_COLOR_NAME = AccentColor;
				CODE_SIGN_STYLE = Automatic;
				CURRENT_PROJECT_VERSION = 1;
				ENABLE_PREVIEWS = YES;
				GENERATE_INFOPLIST_FILE = YES;
				INFOPLIST_KEY_CFBundleDisplayName = BaybayLens;
				INFOPLIST_KEY_UIApplicationSceneManifest_Generation = YES;
				INFOPLIST_KEY_UIApplicationSupportsIndirectInputEvents = YES;
				INFOPLIST_KEY_UILaunchScreen_Generation = YES;
				INFOPLIST_KEY_UISupportedInterfaceOrientations_iPad = "UIInterfaceOrientationPortrait UIInterfaceOrientationPortraitUpsideDown UIInterfaceOrientationLandscapeLeft UIInterfaceOrientationLandscapeRight";
				INFOPLIST_KEY_UISupportedInterfaceOrientations_iPhone = "UIInterfaceOrientationPortrait UIInterfaceOrientationLandscapeLeft UIInterfaceOrientationLandscapeRight";
				IPHONEOS_DEPLOYMENT_TARGET = 16.6;
				LD_RUNPATH_SEARCH_PATHS = (
					"$(inherited)",
					"@executable_path/Frameworks",
				);
				MARKETING_VERSION = 1.0;
				PRODUCT_BUNDLE_IDENTIFIER = com.example.BaybayLens;
				PRODUCT_NAME = "$(TARGET_NAME)";
				STRING_CATALOG_GENERATE_SYMBOLS = YES;
				SWIFT_APPROACHABLE_CONCURRENCY = YES;
				SWIFT_DEFAULT_ACTOR_ISOLATION = MainActor;
				SWIFT_EMIT_LOC_STRINGS = YES;
				SWIFT_UPCOMING_FEATURE_MEMBER_IMPORT_VISIBILITY = YES;
				SWIFT_VERSION = 5.0;
				TARGETED_DEVICE_FAMILY = "1,2";
			};
			name = Debug;
		};
		DAE402432ECBE55D00DD664D /* Release */ = {
			isa = XCBuildConfiguration;
			buildSettings = {
				ASSETCATALOG_COMPILER_APPICON_NAME = AppIcon;
				ASSETCATALOG_COMPILER_GLOBAL_ACCENT_COLOR_NAME = AccentColor;
				CODE_SIGN_STYLE = Automatic;
				CURRENT_PROJECT_VERSION = 1;
				ENABLE_PREVIEWS = YES;
				GENERATE_INFOPLIST_FILE = YES;
				INFOPLIST_KEY_CFBundleDisplayName = BaybayLens;
				INFOPLIST_KEY_UIApplicationSceneManifest_Generation = YES;
				INFOPLIST_KEY_UIApplicationSupportsIndirectInputEvents = YES;
				INFOPLIST_KEY_UILaunchScreen_Generation = YES;
				INFOPLIST_KEY_UISupportedInterfaceOrientations_iPad = "UIInterfaceOrientationPortrait UIInterfaceOrientationPortraitUpsideDown UIInterfaceOrientationLandscapeLeft UIInterfaceOrientationLandscapeRight";
				INFOPLIST_KEY_UISupportedInterfaceOrientations_iPhone = "UIInterfaceOrientationPortrait UIInterfaceOrientationLandscapeLeft UIInterfaceOrientationLandscapeRight";
				IPHONEOS_DEPLOYMENT_TARGET = 16.6;
				LD_RUNPATH_SEARCH_PATHS = (
					"$(inherited)",
					"@executable_path/Frameworks",
				);
				MARKETING_VERSION = 1.0;
				PRODUCT_BUNDLE_IDENTIFIER = com.example.BaybayLens;
				PRODUCT_NAME = "$(TARGET_NAME)";
				STRING_CATALOG_GENERATE_SYMBOLS = YES;
				SWIFT_APPROACHABLE_CONCURRENCY = YES;
				SWIFT_DEFAULT_ACTOR_ISOLATION = MainActor;
				SWIFT_EMIT_LOC_STRINGS = YES;
				SWIFT_UPCOMING_FEATURE_MEMBER_IMPORT_VISIBILITY = YES;
				SWIFT_VERSION = 5.0;
				TARGETED_DEVICE_FAMILY = "1,2";
			};
			name = Release;
		};
		DAE402452ECBE55D00DD664D /* Debug */ = {
			isa = XCBuildConfiguration;
			buildSettings = {
				BUNDLE_LOADER = "$(TEST_HOST)";
				CODE_SIGN_STYLE = Automatic;
				CURRENT_PROJECT_VERSION = 1;
				GENERATE_INFOPLIST_FILE = YES;
				IPHONEOS_DEPLOYMENT_TARGET = 26.1;
				MARKETING_VERSION = 1.0;
				PRODUCT_BUNDLE_IDENTIFIER = com.example.BaybayLensTests;
				PRODUCT_NAME = "$(TARGET_NAME)";
				STRING_CATALOG_GENERATE_SYMBOLS = NO;
				SWIFT_APPROACHABLE_CONCURRENCY = YES;
				SWIFT_EMIT_LOC_STRINGS = NO;
				SWIFT_UPCOMING_FEATURE_MEMBER_IMPORT_VISIBILITY = YES;
				SWIFT_VERSION = 5.0;
				TARGETED_DEVICE_FAMILY = "1,2";
				TEST_HOST = "$(BUILT_PRODUCTS_DIR)/BaybayLens.app/$(BUNDLE_EXECUTABLE_FOLDER_PATH)/BaybayLens";
			};
			name = Debug;
		};
		DAE402462ECBE55D00DD664D /* Release */ = {
			isa = XCBuildConfiguration;
			buildSettings = {
				BUNDLE_LOADER = "$(TEST_HOST)";
				CODE_SIGN_STYLE = Automatic;
				CURRENT_PROJECT_VERSION = 1;
				GENERATE_INFOPLIST_FILE = YES;
				IPHONEOS_DEPLOYMENT_TARGET = 26.1;
				MARKETING_VERSION = 1.0;
				PRODUCT_BUNDLE_IDENTIFIER = com.example.BaybayLensTests;
				PRODUCT_NAME = "$(TARGET_NAME)";
				STRING_CATALOG_GENERATE_SYMBOLS = NO;
				SWIFT_APPROACHABLE_CONCURRENCY = YES;
				SWIFT_EMIT_LOC_STRINGS = NO;
				SWIFT_UPCOMING_FEATURE_MEMBER_IMPORT_VISIBILITY = YES;
				SWIFT_VERSION = 5.0;
				TARGETED_DEVICE_FAMILY = "1,2";
				TEST_HOST = "$(BUILT_PRODUCTS_DIR)/BaybayLens.app/$(BUNDLE_EXECUTABLE_FOLDER_PATH)/BaybayLens";
			};
			name = Release;
		};
		DAE402482ECBE55D00DD664D /* Debug */ = {
			isa = XCBuildConfiguration;
			buildSettings = {
				CODE_SIGN_STYLE = Automatic;
				CURRENT_PROJECT_VERSION = 1;
				GENERATE_INFOPLIST_FILE = YES;
				MARKETING_VERSION = 1.0;
				PRODUCT_BUNDLE_IDENTIFIER = com.example.BaybayLensUITests;
				PRODUCT_NAME = "$(TARGET_NAME)";
				STRING_CATALOG_GENERATE_SYMBOLS = NO;
				SWIFT_APPROACHABLE_CONCURRENCY = YES;
				SWIFT_EMIT_LOC_STRINGS = NO;
				SWIFT_UPCOMING_FEATURE_MEMBER_IMPORT_VISIBILITY = YES;
				SWIFT_VERSION = 5.0;
				TARGETED_DEVICE_FAMILY = "1,2";
				TEST_TARGET_NAME = BaybayLens;
			};
			name = Debug;
		};
		DAE402492ECBE55D00DD664D /* Release */ = {
			isa = XCBuildConfiguration;
			buildSettings = {
				CODE_SIGN_STYLE = Automatic;
				CURRENT_PROJECT_VERSION = 1;
				GENERATE_INFOPLIST_FILE = YES;
				MARKETING_VERSION = 1.0;
				PRODUCT_BUNDLE_IDENTIFIER = com.example.BaybayLensUITests;
				PRODUCT_NAME = "$(TARGET_NAME)";
				STRING_CATALOG_GENERATE_SYMBOLS = NO;
				SWIFT_APPROACHABLE_CONCURRENCY = YES;
				SWIFT_EMIT_LOC_STRINGS = NO;
				SWIFT_UPCOMING_FEATURE_MEMBER_IMPORT_VISIBILITY = YES;
				SWIFT_VERSION = 5.0;
				TARGETED_DEVICE_FAMILY = "1,2";
				TEST_TARGET_NAME = BaybayLens;
			};
			name = Release;
		};
/* End XCBuildConfiguration section */

/* Begin XCConfigurationList section */
		DAE4021B2ECBE55A00DD664D /* Build configuration list for PBXProject "BaybayLens" */ = {
			isa = XCConfigurationList;
			buildConfigurations = (
				DAE4023F2ECBE55D00DD664D /* Debug */,
				DAE402402ECBE55D00DD664D /* Release */,
			);
			defaultConfigurationIsVisible = 0;
			defaultConfigurationName = Release;
		};
		DAE402412ECBE55D00DD664D /* Build configuration list for PBXNativeTarget "BaybayLens" */ = {
			isa = XCConfigurationList;
			buildConfigurations = (
				DAE402422ECBE55D00DD664D /* Debug */,
				DAE402432ECBE55D00DD664D /* Release */,
			);
			defaultConfigurationIsVisible = 0;
			defaultConfigurationName = Release;
		};
		DAE402442ECBE55D00DD664D /* Build configuration list for PBXNativeTarget "BaybayLensTests" */ = {
			isa = XCConfigurationList;
			buildConfigurations = (
				DAE402452ECBE55D00DD664D /* Debug */,
				DAE402462ECBE55D00DD664D /* Release */,
			);
			defaultConfigurationIsVisible = 0;
			defaultConfigurationName = Release;
		};
		DAE402472ECBE55D00DD664D /* Build configuration list for PBXNativeTarget "BaybayLensUITests" */ = {
			isa = XCConfigurationList;
			buildConfigurations = (
				DAE402482ECBE55D00DD664D /* Debug */,
				DAE402492ECBE55D00DD664D /* Release */,
			);
			defaultConfigurationIsVisible = 0;
			defaultConfigurationName = Release;
		};
/* End XCConfigurationList section */
	};
	rootObject = DAE402182ECBE55A00DD664D /* Project object */;
}
